
Microsoft Visual Studio Solution File, Format Version 12.00
# Visual Studio Version 16
VisualStudioVersion = 16.0.30503.244
MinimumVisualStudioVersion = 10.0.40219.1
Project("{FAE04EC0-301F-11D3-BF4B-00C04F79EFBC}") = "TheFund.AtidsXe.Data", "TheFund.AtidsXe.Data\TheFund.AtidsXe.Data.csproj", "{A4B35335-EB5F-4719-9AE7-95E082CA57B4}"
EndProject
Global
	GlobalSection(SolutionConfigurationPlatforms) = preSolution
		Debug|Any CPU = Debug|Any CPU
		Release|Any CPU = Release|Any CPU
	EndGlobalSection
	GlobalSection(ProjectConfigurationPlatforms) = postSolution
		{A4B35335-EB5F-4719-9AE7-95E082CA57B4}.Debug|Any CPU.ActiveCfg = Debug|Any CPU
		{A4B35335-EB5F-4719-9AE7-95E082CA57B4}.Debug|Any CPU.Build.0 = Debug|Any CPU
		{A4B35335-EB5F-4719-9AE7-95E082CA57B4}.Release|Any CPU.ActiveCfg = Release|Any CPU
		{A4B35335-EB5F-4719-9AE7-95E082CA57B4}.Release|Any CPU.Build.0 = Release|Any CPU
	EndGlobalSection
	GlobalSection(SolutionProperties) = preSolution
		HideSolutionNode = FALSE
	EndGlobalSection
	GlobalSection(ExtensibilityGlobals) = postSolution
		SolutionGuid = {872D5F89-17D9-445C-8DA6-3A33E87CF9D1}
	EndGlobalSection
EndGlobal
